
Microsoft Visual Studio Solution File, Format Version 12.00
# Visual Studio Version 17
VisualStudioVersion = 17.4.33205.214
MinimumVisualStudioVersion = 10.0.40219.1
Project("{9A19103F-16F7-4668-BE54-9A1E7A4F7556}") = "PracticeSets", "PracticeSets\PracticeSets.csproj", "{46E29398-06AC-45B6-A77A-7A5726D2A64A}"
EndProject
Project("{9A19103F-16F7-4668-BE54-9A1E7A4F7556}") = "GenericsTypes", "GenericsTypes\GenericsTypes.csproj", "{51B89896-A6E5-4D2D-A1EF-1AD2CADE13F4}"
EndProject
Project("{9A19103F-16F7-4668-BE54-9A1E7A4F7556}") = "BasicPrograms", "BasicPrograms\BasicPrograms.csproj", "{138C654C-1FAF-481E-A9EA-2F580FC3515A}"
EndProject
Project("{9A19103F-16F7-4668-BE54-9A1E7A4F7556}") = "ImpPractical", "ImpPractical\ImpPractical.csproj", "{83E86160-420E-48D5-A573-085FFAC77FA7}"
EndProject
Project("{9A19103F-16F7-4668-BE54-9A1E7A4F7556}") = "VenkatPractice", "VenkatPractice\VenkatPractice.csproj", "{CE6C337E-6072-4A23-9757-4B5E5E41E68A}"
EndProject
Project("{9A19103F-16F7-4668-BE54-9A1E7A4F7556}") = "SOLIDDESIGNPRINCIPLES", "SOLIDDESIGNPRINCIPLES\SOLIDDESIGNPRINCIPLES.csproj", "{7AA45C4C-DC5C-45B3-8832-1B2D979EF6E3}"
EndProject
Project("{9A19103F-16F7-4668-BE54-9A1E7A4F7556}") = "DesignPattern", "DesignPattern\DesignPattern.csproj", "{35162B5F-881D-480F-BB98-FE057E8D1607}"
EndProject
Project("{9A19103F-16F7-4668-BE54-9A1E7A4F7556}") = "LINQ", "LINQ\LINQ.csproj", "{5CC31FAE-3011-499C-A2D7-CB3BBBC62E8D}"
EndProject
Project("{FAE04EC0-301F-11D3-BF4B-00C04F79EFBC}") = "ExceptionUsingSingleton", "ExceptionUsingSingleton\ExceptionUsingSingleton.csproj", "{A6C43845-1E38-46D1-852B-4B24A3F80D09}"
EndProject
Project("{9A19103F-16F7-4668-BE54-9A1E7A4F7556}") = "SynchronizingThreadsInMultithreadedApplication", "SynchronizingThreadsInMultithreadedApplication\SynchronizingThreadsInMultithreadedApplication.csproj", "{1A9A0FA5-73AC-40BD-8385-26A0CB2ACBAF}"
EndProject
Project("{FAE04EC0-301F-11D3-BF4B-00C04F79EFBC}") = "ArrayToDictionary", "..\ArrayToGeneric\ArrayToDictionary\ArrayToDictionary.csproj", "{AEDB96F2-19DC-4403-8470-DF99831595FB}"
EndProject
Project("{9A19103F-16F7-4668-BE54-9A1E7A4F7556}") = "RepositoryDesignPattern", "RepositoryDesignPattern\RepositoryDesignPattern.csproj", "{D2F93370-2BD0-4B69-BCA0-38927BBBA1B1}"
EndProject
Project("{9A19103F-16F7-4668-BE54-9A1E7A4F7556}") = "ChainOFResponsibilityDesignPattern", "ChainOFResponsibilityDesignPattern\ChainOFResponsibilityDesignPattern.csproj", "{87AA978D-7F74-43FB-BFBF-23EEB9698EB6}"
EndProject
Project("{2150E333-8FDC-42A3-9474-1A3956D46DE8}") = "MS Unit Test", "MS Unit Test", "{2E8D78DF-6526-4127-8292-841C677BFF2C}"
EndProject
Project("{9A19103F-16F7-4668-BE54-9A1E7A4F7556}") = "UnitTestExample", "UnitTestExample\UnitTestExample.csproj", "{FF9CBB54-2B10-48A2-BD1D-040CEFE16888}"
EndProject
Project("{9A19103F-16F7-4668-BE54-9A1E7A4F7556}") = "UnitTestExample.Tests", "UnitTestExample.Tests\UnitTestExample.Tests.csproj", "{6AB6436A-57D1-44F4-9344-CA06F6E2CBFC}"
EndProject
Project("{2150E333-8FDC-42A3-9474-1A3956D46DE8}") = "Multiple Interface Implementation WebAPI", "Multiple Interface Implementation WebAPI", "{06534D73-7761-478D-BFC0-1FD8521C5485}"
EndProject
Project("{9A19103F-16F7-4668-BE54-9A1E7A4F7556}") = "MultipleInterfaceImplements", "MultipleInterfaceImplements\MultipleInterfaceImplements.csproj", "{A34667CE-5C14-4677-AC2F-DF3DC66BA6E5}"
EndProject
Project("{2150E333-8FDC-42A3-9474-1A3956D46DE8}") = "DotNet Core Concepts and Features", "DotNet Core Concepts and Features", "{A27DE961-78CF-45A1-BEF5-544E0352D273}"
EndProject
Project("{9A19103F-16F7-4668-BE54-9A1E7A4F7556}") = "RecyclableMemoryStream", "RecyclableMemoryStream\RecyclableMemoryStream.csproj", "{DA325930-0C02-42A9-AB6E-5292086C3062}"
EndProject
Project("{9A19103F-16F7-4668-BE54-9A1E7A4F7556}") = "IHttpClientFactoryExample", "IHttpClientFactoryExample\IHttpClientFactoryExample.csproj", "{ABD303DF-C846-48A4-84C1-8958E32CFA89}"
EndProject
Project("{9A19103F-16F7-4668-BE54-9A1E7A4F7556}") = "UseProblemdetailsMiddleware", "UseProblemdetailsMiddleware\UseProblemdetailsMiddleware.csproj", "{20A5972A-AACF-4D92-A9F6-B424F60C9D49}"
EndProject
Project("{9A19103F-16F7-4668-BE54-9A1E7A4F7556}") = "ManageUserSecrets", "ManageUserSecrets\ManageUserSecrets.csproj", "{14224888-7680-4670-82DC-0500C591BD34}"
EndProject
Project("{9A19103F-16F7-4668-BE54-9A1E7A4F7556}") = "MVCRedirectRequest", "MVCRedirectRequest\MVCRedirectRequest.csproj", "{75E0516F-F07F-4DC7-81E9-89023FC7EF56}"
EndProject
Project("{9A19103F-16F7-4668-BE54-9A1E7A4F7556}") = "UseAPIAnalyzersSwaggerSwashBuckle", "UseAPIAnalyzersSwaggerSwashBuckle\UseAPIAnalyzersSwaggerSwashBuckle.csproj", "{28FD3A3B-E3FA-45D9-81DC-83CD72A895C0}"
EndProject
Project("{9A19103F-16F7-4668-BE54-9A1E7A4F7556}") = "handle404ErrorsMVC", "handle404ErrorsMVC\handle404ErrorsMVC.csproj", "{7F7CD464-E7AD-46C2-BB11-474F5516E8EE}"
EndProject
Project("{9A19103F-16F7-4668-BE54-9A1E7A4F7556}") = "UseDependencyInjectionInActionFiltersMVC", "UseDependencyInjectionInActionFiltersMVC\UseDependencyInjectionInActionFiltersMVC.csproj", "{E10701BA-B90D-4150-8360-8FE3B4DE38CB}"
EndProject
Project("{2150E333-8FDC-42A3-9474-1A3956D46DE8}") = "Solution Items", "Solution Items", "{5A4D58F7-39B1-46D7-BB50-682638967170}"
	ProjectSection(SolutionItems) = preProject
		.editorconfig = .editorconfig
	EndProjectSection
EndProject
Project("{9A19103F-16F7-4668-BE54-9A1E7A4F7556}") = "SendEmailsWebAPI", "SendEmailsWebAPI\SendEmailsWebAPI.csproj", "{44C9A0BB-FF44-4E63-89BC-9124AC9D2AC1}"
EndProject
Project("{9A19103F-16F7-4668-BE54-9A1E7A4F7556}") = "GlobalExceptionHandlingMVC", "GlobalExceptionHandlingMVC\GlobalExceptionHandlingMVC.csproj", "{DB09BC5A-6D83-42BF-BD50-7A47771657B8}"
EndProject
Project("{9A19103F-16F7-4668-BE54-9A1E7A4F7556}") = "API_VersioningForClient", "API_VersioningForClient\API_VersioningForClient.csproj", "{6482C35F-0F46-417A-8131-B18CB9284D54}"
EndProject
Project("{9A19103F-16F7-4668-BE54-9A1E7A4F7556}") = "SessionStateWebAPI", "SessionStateWebAPI\SessionStateWebAPI.csproj", "{7869E75B-E951-4AED-908A-ED07C3BD109B}"
EndProject
Project("{9A19103F-16F7-4668-BE54-9A1E7A4F7556}") = "CookiesInASPNETCore", "CookiesInASPNETCore\CookiesInASPNETCore.csproj", "{455C378D-A472-4769-A2EA-6DACE730FB5B}"
EndProject
Project("{9A19103F-16F7-4668-BE54-9A1E7A4F7556}") = "StateManagementCoreMVC", "StateManagementCoreMVC\StateManagementCoreMVC.csproj", "{9DC145D5-BF06-4594-A32F-D65E9FE81A58}"
EndProject
Project("{2150E333-8FDC-42A3-9474-1A3956D46DE8}") = "XUnit Test", "XUnit Test", "{F7337047-B1F4-463F-9E5D-E1C548BAD4EA}"
EndProject
Project("{9A19103F-16F7-4668-BE54-9A1E7A4F7556}") = "XUnitTestExample", "XUnitTestExample\XUnitTestExample.csproj", "{2CD9FBD6-735C-4B6E-A615-F68FBF34CF52}"
EndProject
Project("{9A19103F-16F7-4668-BE54-9A1E7A4F7556}") = "XUnitTestExample.Tests", "XUnitTestExample.Tests\XUnitTestExample.Tests.csproj", "{FE50CA22-2EDC-4DA7-A05A-9DFA9C204FF2}"
EndProject
Project("{9A19103F-16F7-4668-BE54-9A1E7A4F7556}") = "MltipletableWithDapperApi", "MltipletableWithDapperApi\MltipletableWithDapperApi.csproj", "{EF49461E-D9F9-4281-BEF2-C7B88CC9A619}"
EndProject
Project("{FAE04EC0-301F-11D3-BF4B-00C04F79EFBC}") = "DapperORMBlog", "..\DapperORMBlog\DapperORMBlog\DapperORMBlog\DapperORMBlog.csproj", "{D864692F-2F36-4021-9AF4-D065F3594167}"
EndProject
Project("{2150E333-8FDC-42A3-9474-1A3956D46DE8}") = "JWT Token Authentication", "JWT Token Authentication", "{97FEAC3C-40CD-423D-8348-B09C32EC746D}"
EndProject
Project("{9A19103F-16F7-4668-BE54-9A1E7A4F7556}") = "JWTLoginAuthenticationAuthorization", "..\JWTLoginAuthenticationAuthorization\JWTLoginAuthenticationAuthorization\JWTLoginAuthenticationAuthorization\JWTLoginAuthenticationAuthorization.csproj", "{D5BA5CE3-6B94-4DD1-965A-AB79A49F3144}"
EndProject
Global
	GlobalSection(SolutionConfigurationPlatforms) = preSolution
		Debug|Any CPU = Debug|Any CPU
		Release|Any CPU = Release|Any CPU
	EndGlobalSection
	GlobalSection(ProjectConfigurationPlatforms) = postSolution
		{46E29398-06AC-45B6-A77A-7A5726D2A64A}.Debug|Any CPU.ActiveCfg = Debug|Any CPU
		{46E29398-06AC-45B6-A77A-7A5726D2A64A}.Debug|Any CPU.Build.0 = Debug|Any CPU
		{46E29398-06AC-45B6-A77A-7A5726D2A64A}.Release|Any CPU.ActiveCfg = Release|Any CPU
		{46E29398-06AC-45B6-A77A-7A5726D2A64A}.Release|Any CPU.Build.0 = Release|Any CPU
		{51B89896-A6E5-4D2D-A1EF-1AD2CADE13F4}.Debug|Any CPU.ActiveCfg = Debug|Any CPU
		{51B89896-A6E5-4D2D-A1EF-1AD2CADE13F4}.Debug|Any CPU.Build.0 = Debug|Any CPU
		{51B89896-A6E5-4D2D-A1EF-1AD2CADE13F4}.Release|Any CPU.ActiveCfg = Release|Any CPU
		{51B89896-A6E5-4D2D-A1EF-1AD2CADE13F4}.Release|Any CPU.Build.0 = Release|Any CPU
		{138C654C-1FAF-481E-A9EA-2F580FC3515A}.Debug|Any CPU.ActiveCfg = Debug|Any CPU
		{138C654C-1FAF-481E-A9EA-2F580FC3515A}.Debug|Any CPU.Build.0 = Debug|Any CPU
		{138C654C-1FAF-481E-A9EA-2F580FC3515A}.Release|Any CPU.ActiveCfg = Release|Any CPU
		{138C654C-1FAF-481E-A9EA-2F580FC3515A}.Release|Any CPU.Build.0 = Release|Any CPU
		{83E86160-420E-48D5-A573-085FFAC77FA7}.Debug|Any CPU.ActiveCfg = Debug|Any CPU
		{83E86160-420E-48D5-A573-085FFAC77FA7}.Debug|Any CPU.Build.0 = Debug|Any CPU
		{83E86160-420E-48D5-A573-085FFAC77FA7}.Release|Any CPU.ActiveCfg = Release|Any CPU
		{83E86160-420E-48D5-A573-085FFAC77FA7}.Release|Any CPU.Build.0 = Release|Any CPU
		{CE6C337E-6072-4A23-9757-4B5E5E41E68A}.Debug|Any CPU.ActiveCfg = Debug|Any CPU
		{CE6C337E-6072-4A23-9757-4B5E5E41E68A}.Debug|Any CPU.Build.0 = Debug|Any CPU
		{CE6C337E-6072-4A23-9757-4B5E5E41E68A}.Release|Any CPU.ActiveCfg = Release|Any CPU
		{CE6C337E-6072-4A23-9757-4B5E5E41E68A}.Release|Any CPU.Build.0 = Release|Any CPU
		{7AA45C4C-DC5C-45B3-8832-1B2D979EF6E3}.Debug|Any CPU.ActiveCfg = Debug|Any CPU
		{7AA45C4C-DC5C-45B3-8832-1B2D979EF6E3}.Debug|Any CPU.Build.0 = Debug|Any CPU
		{7AA45C4C-DC5C-45B3-8832-1B2D979EF6E3}.Release|Any CPU.ActiveCfg = Release|Any CPU
		{7AA45C4C-DC5C-45B3-8832-1B2D979EF6E3}.Release|Any CPU.Build.0 = Release|Any CPU
		{35162B5F-881D-480F-BB98-FE057E8D1607}.Debug|Any CPU.ActiveCfg = Debug|Any CPU
		{35162B5F-881D-480F-BB98-FE057E8D1607}.Debug|Any CPU.Build.0 = Debug|Any CPU
		{35162B5F-881D-480F-BB98-FE057E8D1607}.Release|Any CPU.ActiveCfg = Release|Any CPU
		{35162B5F-881D-480F-BB98-FE057E8D1607}.Release|Any CPU.Build.0 = Release|Any CPU
		{5CC31FAE-3011-499C-A2D7-CB3BBBC62E8D}.Debug|Any CPU.ActiveCfg = Debug|Any CPU
		{5CC31FAE-3011-499C-A2D7-CB3BBBC62E8D}.Debug|Any CPU.Build.0 = Debug|Any CPU
		{5CC31FAE-3011-499C-A2D7-CB3BBBC62E8D}.Release|Any CPU.ActiveCfg = Release|Any CPU
		{5CC31FAE-3011-499C-A2D7-CB3BBBC62E8D}.Release|Any CPU.Build.0 = Release|Any CPU
		{A6C43845-1E38-46D1-852B-4B24A3F80D09}.Debug|Any CPU.ActiveCfg = Debug|Any CPU
		{A6C43845-1E38-46D1-852B-4B24A3F80D09}.Debug|Any CPU.Build.0 = Debug|Any CPU
		{A6C43845-1E38-46D1-852B-4B24A3F80D09}.Release|Any CPU.ActiveCfg = Release|Any CPU
		{A6C43845-1E38-46D1-852B-4B24A3F80D09}.Release|Any CPU.Build.0 = Release|Any CPU
		{1A9A0FA5-73AC-40BD-8385-26A0CB2ACBAF}.Debug|Any CPU.ActiveCfg = Debug|Any CPU
		{1A9A0FA5-73AC-40BD-8385-26A0CB2ACBAF}.Debug|Any CPU.Build.0 = Debug|Any CPU
		{1A9A0FA5-73AC-40BD-8385-26A0CB2ACBAF}.Release|Any CPU.ActiveCfg = Release|Any CPU
		{1A9A0FA5-73AC-40BD-8385-26A0CB2ACBAF}.Release|Any CPU.Build.0 = Release|Any CPU
		{AEDB96F2-19DC-4403-8470-DF99831595FB}.Debug|Any CPU.ActiveCfg = Debug|Any CPU
		{AEDB96F2-19DC-4403-8470-DF99831595FB}.Debug|Any CPU.Build.0 = Debug|Any CPU
		{AEDB96F2-19DC-4403-8470-DF99831595FB}.Release|Any CPU.ActiveCfg = Release|Any CPU
		{AEDB96F2-19DC-4403-8470-DF99831595FB}.Release|Any CPU.Build.0 = Release|Any CPU
		{D2F93370-2BD0-4B69-BCA0-38927BBBA1B1}.Debug|Any CPU.ActiveCfg = Debug|Any CPU
		{D2F93370-2BD0-4B69-BCA0-38927BBBA1B1}.Debug|Any CPU.Build.0 = Debug|Any CPU
		{D2F93370-2BD0-4B69-BCA0-38927BBBA1B1}.Release|Any CPU.ActiveCfg = Release|Any CPU
		{D2F93370-2BD0-4B69-BCA0-38927BBBA1B1}.Release|Any CPU.Build.0 = Release|Any CPU
		{87AA978D-7F74-43FB-BFBF-23EEB9698EB6}.Debug|Any CPU.ActiveCfg = Debug|Any CPU
		{87AA978D-7F74-43FB-BFBF-23EEB9698EB6}.Debug|Any CPU.Build.0 = Debug|Any CPU
		{87AA978D-7F74-43FB-BFBF-23EEB9698EB6}.Release|Any CPU.ActiveCfg = Release|Any CPU
		{87AA978D-7F74-43FB-BFBF-23EEB9698EB6}.Release|Any CPU.Build.0 = Release|Any CPU
		{FF9CBB54-2B10-48A2-BD1D-040CEFE16888}.Debug|Any CPU.ActiveCfg = Debug|Any CPU
		{FF9CBB54-2B10-48A2-BD1D-040CEFE16888}.Debug|Any CPU.Build.0 = Debug|Any CPU
		{FF9CBB54-2B10-48A2-BD1D-040CEFE16888}.Release|Any CPU.ActiveCfg = Release|Any CPU
		{FF9CBB54-2B10-48A2-BD1D-040CEFE16888}.Release|Any CPU.Build.0 = Release|Any CPU
		{6AB6436A-57D1-44F4-9344-CA06F6E2CBFC}.Debug|Any CPU.ActiveCfg = Debug|Any CPU
		{6AB6436A-57D1-44F4-9344-CA06F6E2CBFC}.Debug|Any CPU.Build.0 = Debug|Any CPU
		{6AB6436A-57D1-44F4-9344-CA06F6E2CBFC}.Release|Any CPU.ActiveCfg = Release|Any CPU
		{6AB6436A-57D1-44F4-9344-CA06F6E2CBFC}.Release|Any CPU.Build.0 = Release|Any CPU
		{A34667CE-5C14-4677-AC2F-DF3DC66BA6E5}.Debug|Any CPU.ActiveCfg = Debug|Any CPU
		{A34667CE-5C14-4677-AC2F-DF3DC66BA6E5}.Debug|Any CPU.Build.0 = Debug|Any CPU
		{A34667CE-5C14-4677-AC2F-DF3DC66BA6E5}.Release|Any CPU.ActiveCfg = Release|Any CPU
		{A34667CE-5C14-4677-AC2F-DF3DC66BA6E5}.Release|Any CPU.Build.0 = Release|Any CPU
		{DA325930-0C02-42A9-AB6E-5292086C3062}.Debug|Any CPU.ActiveCfg = Debug|Any CPU
		{DA325930-0C02-42A9-AB6E-5292086C3062}.Debug|Any CPU.Build.0 = Debug|Any CPU
		{DA325930-0C02-42A9-AB6E-5292086C3062}.Release|Any CPU.ActiveCfg = Release|Any CPU
		{DA325930-0C02-42A9-AB6E-5292086C3062}.Release|Any CPU.Build.0 = Release|Any CPU
		{ABD303DF-C846-48A4-84C1-8958E32CFA89}.Debug|Any CPU.ActiveCfg = Debug|Any CPU
		{ABD303DF-C846-48A4-84C1-8958E32CFA89}.Debug|Any CPU.Build.0 = Debug|Any CPU
		{ABD303DF-C846-48A4-84C1-8958E32CFA89}.Release|Any CPU.ActiveCfg = Release|Any CPU
		{ABD303DF-C846-48A4-84C1-8958E32CFA89}.Release|Any CPU.Build.0 = Release|Any CPU
		{20A5972A-AACF-4D92-A9F6-B424F60C9D49}.Debug|Any CPU.ActiveCfg = Debug|Any CPU
		{20A5972A-AACF-4D92-A9F6-B424F60C9D49}.Debug|Any CPU.Build.0 = Debug|Any CPU
		{20A5972A-AACF-4D92-A9F6-B424F60C9D49}.Release|Any CPU.ActiveCfg = Release|Any CPU
		{20A5972A-AACF-4D92-A9F6-B424F60C9D49}.Release|Any CPU.Build.0 = Release|Any CPU
		{14224888-7680-4670-82DC-0500C591BD34}.Debug|Any CPU.ActiveCfg = Debug|Any CPU
		{14224888-7680-4670-82DC-0500C591BD34}.Debug|Any CPU.Build.0 = Debug|Any CPU
		{14224888-7680-4670-82DC-0500C591BD34}.Release|Any CPU.ActiveCfg = Release|Any CPU
		{14224888-7680-4670-82DC-0500C591BD34}.Release|Any CPU.Build.0 = Release|Any CPU
		{75E0516F-F07F-4DC7-81E9-89023FC7EF56}.Debug|Any CPU.ActiveCfg = Debug|Any CPU
		{75E0516F-F07F-4DC7-81E9-89023FC7EF56}.Debug|Any CPU.Build.0 = Debug|Any CPU
		{75E0516F-F07F-4DC7-81E9-89023FC7EF56}.Release|Any CPU.ActiveCfg = Release|Any CPU
		{75E0516F-F07F-4DC7-81E9-89023FC7EF56}.Release|Any CPU.Build.0 = Release|Any CPU
		{28FD3A3B-E3FA-45D9-81DC-83CD72A895C0}.Debug|Any CPU.ActiveCfg = Debug|Any CPU
		{28FD3A3B-E3FA-45D9-81DC-83CD72A895C0}.Debug|Any CPU.Build.0 = Debug|Any CPU
		{28FD3A3B-E3FA-45D9-81DC-83CD72A895C0}.Release|Any CPU.ActiveCfg = Release|Any CPU
		{28FD3A3B-E3FA-45D9-81DC-83CD72A895C0}.Release|Any CPU.Build.0 = Release|Any CPU
		{7F7CD464-E7AD-46C2-BB11-474F5516E8EE}.Debug|Any CPU.ActiveCfg = Debug|Any CPU
		{7F7CD464-E7AD-46C2-BB11-474F5516E8EE}.Debug|Any CPU.Build.0 = Debug|Any CPU
		{7F7CD464-E7AD-46C2-BB11-474F5516E8EE}.Release|Any CPU.ActiveCfg = Release|Any CPU
		{7F7CD464-E7AD-46C2-BB11-474F5516E8EE}.Release|Any CPU.Build.0 = Release|Any CPU
		{E10701BA-B90D-4150-8360-8FE3B4DE38CB}.Debug|Any CPU.ActiveCfg = Debug|Any CPU
		{E10701BA-B90D-4150-8360-8FE3B4DE38CB}.Debug|Any CPU.Build.0 = Debug|Any CPU
		{E10701BA-B90D-4150-8360-8FE3B4DE38CB}.Release|Any CPU.ActiveCfg = Release|Any CPU
		{E10701BA-B90D-4150-8360-8FE3B4DE38CB}.Release|Any CPU.Build.0 = Release|Any CPU
		{44C9A0BB-FF44-4E63-89BC-9124AC9D2AC1}.Debug|Any CPU.ActiveCfg = Debug|Any CPU
		{44C9A0BB-FF44-4E63-89BC-9124AC9D2AC1}.Debug|Any CPU.Build.0 = Debug|Any CPU
		{44C9A0BB-FF44-4E63-89BC-9124AC9D2AC1}.Release|Any CPU.ActiveCfg = Release|Any CPU
		{44C9A0BB-FF44-4E63-89BC-9124AC9D2AC1}.Release|Any CPU.Build.0 = Release|Any CPU
		{DB09BC5A-6D83-42BF-BD50-7A47771657B8}.Debug|Any CPU.ActiveCfg = Debug|Any CPU
		{DB09BC5A-6D83-42BF-BD50-7A47771657B8}.Debug|Any CPU.Build.0 = Debug|Any CPU
		{DB09BC5A-6D83-42BF-BD50-7A47771657B8}.Release|Any CPU.ActiveCfg = Release|Any CPU
		{DB09BC5A-6D83-42BF-BD50-7A47771657B8}.Release|Any CPU.Build.0 = Release|Any CPU
		{6482C35F-0F46-417A-8131-B18CB9284D54}.Debug|Any CPU.ActiveCfg = Debug|Any CPU
		{6482C35F-0F46-417A-8131-B18CB9284D54}.Debug|Any CPU.Build.0 = Debug|Any CPU
		{6482C35F-0F46-417A-8131-B18CB9284D54}.Release|Any CPU.ActiveCfg = Release|Any CPU
		{6482C35F-0F46-417A-8131-B18CB9284D54}.Release|Any CPU.Build.0 = Release|Any CPU
		{7869E75B-E951-4AED-908A-ED07C3BD109B}.Debug|Any CPU.ActiveCfg = Debug|Any CPU
		{7869E75B-E951-4AED-908A-ED07C3BD109B}.Debug|Any CPU.Build.0 = Debug|Any CPU
		{7869E75B-E951-4AED-908A-ED07C3BD109B}.Release|Any CPU.ActiveCfg = Release|Any CPU
		{7869E75B-E951-4AED-908A-ED07C3BD109B}.Release|Any CPU.Build.0 = Release|Any CPU
		{455C378D-A472-4769-A2EA-6DACE730FB5B}.Debug|Any CPU.ActiveCfg = Debug|Any CPU
		{455C378D-A472-4769-A2EA-6DACE730FB5B}.Debug|Any CPU.Build.0 = Debug|Any CPU
		{455C378D-A472-4769-A2EA-6DACE730FB5B}.Release|Any CPU.ActiveCfg = Release|Any CPU
		{455C378D-A472-4769-A2EA-6DACE730FB5B}.Release|Any CPU.Build.0 = Release|Any CPU
		{9DC145D5-BF06-4594-A32F-D65E9FE81A58}.Debug|Any CPU.ActiveCfg = Debug|Any CPU
		{9DC145D5-BF06-4594-A32F-D65E9FE81A58}.Debug|Any CPU.Build.0 = Debug|Any CPU
		{9DC145D5-BF06-4594-A32F-D65E9FE81A58}.Release|Any CPU.ActiveCfg = Release|Any CPU
		{9DC145D5-BF06-4594-A32F-D65E9FE81A58}.Release|Any CPU.Build.0 = Release|Any CPU
		{2CD9FBD6-735C-4B6E-A615-F68FBF34CF52}.Debug|Any CPU.ActiveCfg = Debug|Any CPU
		{2CD9FBD6-735C-4B6E-A615-F68FBF34CF52}.Debug|Any CPU.Build.0 = Debug|Any CPU
		{2CD9FBD6-735C-4B6E-A615-F68FBF34CF52}.Release|Any CPU.ActiveCfg = Release|Any CPU
		{2CD9FBD6-735C-4B6E-A615-F68FBF34CF52}.Release|Any CPU.Build.0 = Release|Any CPU
		{FE50CA22-2EDC-4DA7-A05A-9DFA9C204FF2}.Debug|Any CPU.ActiveCfg = Debug|Any CPU
		{FE50CA22-2EDC-4DA7-A05A-9DFA9C204FF2}.Debug|Any CPU.Build.0 = Debug|Any CPU
		{FE50CA22-2EDC-4DA7-A05A-9DFA9C204FF2}.Release|Any CPU.ActiveCfg = Release|Any CPU
		{FE50CA22-2EDC-4DA7-A05A-9DFA9C204FF2}.Release|Any CPU.Build.0 = Release|Any CPU
		{EF49461E-D9F9-4281-BEF2-C7B88CC9A619}.Debug|Any CPU.ActiveCfg = Debug|Any CPU
		{EF49461E-D9F9-4281-BEF2-C7B88CC9A619}.Debug|Any CPU.Build.0 = Debug|Any CPU
		{EF49461E-D9F9-4281-BEF2-C7B88CC9A619}.Release|Any CPU.ActiveCfg = Release|Any CPU
		{EF49461E-D9F9-4281-BEF2-C7B88CC9A619}.Release|Any CPU.Build.0 = Release|Any CPU
		{D864692F-2F36-4021-9AF4-D065F3594167}.Debug|Any CPU.ActiveCfg = Debug|Any CPU
		{D864692F-2F36-4021-9AF4-D065F3594167}.Debug|Any CPU.Build.0 = Debug|Any CPU
		{D864692F-2F36-4021-9AF4-D065F3594167}.Release|Any CPU.ActiveCfg = Release|Any CPU
		{D864692F-2F36-4021-9AF4-D065F3594167}.Release|Any CPU.Build.0 = Release|Any CPU
		{D5BA5CE3-6B94-4DD1-965A-AB79A49F3144}.Debug|Any CPU.ActiveCfg = Debug|Any CPU
		{D5BA5CE3-6B94-4DD1-965A-AB79A49F3144}.Debug|Any CPU.Build.0 = Debug|Any CPU
		{D5BA5CE3-6B94-4DD1-965A-AB79A49F3144}.Release|Any CPU.ActiveCfg = Release|Any CPU
		{D5BA5CE3-6B94-4DD1-965A-AB79A49F3144}.Release|Any CPU.Build.0 = Release|Any CPU
	EndGlobalSection
	GlobalSection(SolutionProperties) = preSolution
		HideSolutionNode = FALSE
	EndGlobalSection
	GlobalSection(NestedProjects) = preSolution
		{FF9CBB54-2B10-48A2-BD1D-040CEFE16888} = {2E8D78DF-6526-4127-8292-841C677BFF2C}
		{6AB6436A-57D1-44F4-9344-CA06F6E2CBFC} = {2E8D78DF-6526-4127-8292-841C677BFF2C}
		{A34667CE-5C14-4677-AC2F-DF3DC66BA6E5} = {06534D73-7761-478D-BFC0-1FD8521C5485}
		{ABD303DF-C846-48A4-84C1-8958E32CFA89} = {A27DE961-78CF-45A1-BEF5-544E0352D273}
		{20A5972A-AACF-4D92-A9F6-B424F60C9D49} = {A27DE961-78CF-45A1-BEF5-544E0352D273}
		{14224888-7680-4670-82DC-0500C591BD34} = {A27DE961-78CF-45A1-BEF5-544E0352D273}
		{75E0516F-F07F-4DC7-81E9-89023FC7EF56} = {A27DE961-78CF-45A1-BEF5-544E0352D273}
		{28FD3A3B-E3FA-45D9-81DC-83CD72A895C0} = {A27DE961-78CF-45A1-BEF5-544E0352D273}
		{7F7CD464-E7AD-46C2-BB11-474F5516E8EE} = {A27DE961-78CF-45A1-BEF5-544E0352D273}
		{E10701BA-B90D-4150-8360-8FE3B4DE38CB} = {A27DE961-78CF-45A1-BEF5-544E0352D273}
		{44C9A0BB-FF44-4E63-89BC-9124AC9D2AC1} = {A27DE961-78CF-45A1-BEF5-544E0352D273}
		{DB09BC5A-6D83-42BF-BD50-7A47771657B8} = {A27DE961-78CF-45A1-BEF5-544E0352D273}
		{6482C35F-0F46-417A-8131-B18CB9284D54} = {A27DE961-78CF-45A1-BEF5-544E0352D273}
		{7869E75B-E951-4AED-908A-ED07C3BD109B} = {A27DE961-78CF-45A1-BEF5-544E0352D273}
		{455C378D-A472-4769-A2EA-6DACE730FB5B} = {A27DE961-78CF-45A1-BEF5-544E0352D273}
		{9DC145D5-BF06-4594-A32F-D65E9FE81A58} = {A27DE961-78CF-45A1-BEF5-544E0352D273}
		{2CD9FBD6-735C-4B6E-A615-F68FBF34CF52} = {F7337047-B1F4-463F-9E5D-E1C548BAD4EA}
		{FE50CA22-2EDC-4DA7-A05A-9DFA9C204FF2} = {F7337047-B1F4-463F-9E5D-E1C548BAD4EA}
		{EF49461E-D9F9-4281-BEF2-C7B88CC9A619} = {A27DE961-78CF-45A1-BEF5-544E0352D273}
		{D5BA5CE3-6B94-4DD1-965A-AB79A49F3144} = {97FEAC3C-40CD-423D-8348-B09C32EC746D}
	EndGlobalSection
	GlobalSection(ExtensibilityGlobals) = postSolution
		SolutionGuid = {1C2B38B6-5E5A-4AF4-B17C-EE8024D12029}
	EndGlobalSection
EndGlobal
